
Microsoft Visual Studio Solution File, Format Version 12.00
# Visual Studio Version 16
VisualStudioVersion = 16.0.29519.181
MinimumVisualStudioVersion = 10.0.40219.1
Project("{FAE04EC0-301F-11D3-BF4B-00C04F79EFBC}") = "FXServerLauncher", "FXServerLauncher\FXServerLauncher.csproj", "{27F16B3D-11F6-497A-81E9-703FD1B80EF4}"
EndProject
Global
	GlobalSection(SolutionConfigurationPlatforms) = preSolution
		Debug|Any CPU = Debug|Any CPU
		Release|Any CPU = Release|Any CPU
	EndGlobalSection
	GlobalSection(ProjectConfigurationPlatforms) = postSolution
		{27F16B3D-11F6-497A-81E9-703FD1B80EF4}.Debug|Any CPU.ActiveCfg = Debug|Any CPU
		{27F16B3D-11F6-497A-81E9-703FD1B80EF4}.Debug|Any CPU.Build.0 = Debug|Any CPU
		{27F16B3D-11F6-497A-81E9-703FD1B80EF4}.Release|Any CPU.ActiveCfg = Release|Any CPU
		{27F16B3D-11F6-497A-81E9-703FD1B80EF4}.Release|Any CPU.Build.0 = Release|Any CPU
	EndGlobalSection
	GlobalSection(SolutionProperties) = preSolution
		HideSolutionNode = FALSE
	EndGlobalSection
	GlobalSection(ExtensibilityGlobals) = postSolution
		SolutionGuid = {5BFF3663-35E2-41A1-84E9-B15A1EC44258}
	EndGlobalSection
EndGlobal
